
Microsoft Visual Studio Solution File, Format Version 12.00
# Visual Studio 14
VisualStudioVersion = 14.0.25123.0
MinimumVisualStudioVersion = 10.0.40219.1
Project("{FAE04EC0-301F-11D3-BF4B-00C04F79EFBC}") = "ContainStringAB", "ContainStringAB\ContainStringAB.csproj", "{F722A6D5-1EC5-40B0-AD12-D43C4590F000}"
EndProject
Project("{FAE04EC0-301F-11D3-BF4B-00C04F79EFBC}") = "UnitTestContains", "UnitTestContains\UnitTestContains.csproj", "{1AED3DD0-D12D-4C89-9C4E-954D3882ECD7}"
EndProject
Global
	GlobalSection(SolutionConfigurationPlatforms) = preSolution
		Debug|Any CPU = Debug|Any CPU
		Release|Any CPU = Release|Any CPU
	EndGlobalSection
	GlobalSection(ProjectConfigurationPlatforms) = postSolution
		{F722A6D5-1EC5-40B0-AD12-D43C4590F000}.Debug|Any CPU.ActiveCfg = Debug|Any CPU
		{F722A6D5-1EC5-40B0-AD12-D43C4590F000}.Debug|Any CPU.Build.0 = Debug|Any CPU
		{F722A6D5-1EC5-40B0-AD12-D43C4590F000}.Release|Any CPU.ActiveCfg = Release|Any CPU
		{F722A6D5-1EC5-40B0-AD12-D43C4590F000}.Release|Any CPU.Build.0 = Release|Any CPU
		{1AED3DD0-D12D-4C89-9C4E-954D3882ECD7}.Debug|Any CPU.ActiveCfg = Debug|Any CPU
		{1AED3DD0-D12D-4C89-9C4E-954D3882ECD7}.Debug|Any CPU.Build.0 = Debug|Any CPU
		{1AED3DD0-D12D-4C89-9C4E-954D3882ECD7}.Release|Any CPU.ActiveCfg = Release|Any CPU
		{1AED3DD0-D12D-4C89-9C4E-954D3882ECD7}.Release|Any CPU.Build.0 = Release|Any CPU
	EndGlobalSection
	GlobalSection(SolutionProperties) = preSolution
		HideSolutionNode = FALSE
	EndGlobalSection
EndGlobal
