
Microsoft Visual Studio Solution File, Format Version 12.00
# Visual Studio 14
VisualStudioVersion = 14.0.25123.0
MinimumVisualStudioVersion = 10.0.40219.1
Project("{FAE04EC0-301F-11D3-BF4B-00C04F79EFBC}") = "PowerFuntion", "PowerFuntion\PowerFuntion.csproj", "{38438985-6F46-409A-BB73-D85A0503F759}"
EndProject
Project("{FAE04EC0-301F-11D3-BF4B-00C04F79EFBC}") = "APowerB", "APowerB\APowerB.csproj", "{E41FA17F-D0F7-4F63-A713-9EBDF662B3F7}"
EndProject
Global
	GlobalSection(SolutionConfigurationPlatforms) = preSolution
		Debug|Any CPU = Debug|Any CPU
		Release|Any CPU = Release|Any CPU
	EndGlobalSection
	GlobalSection(ProjectConfigurationPlatforms) = postSolution
		{38438985-6F46-409A-BB73-D85A0503F759}.Debug|Any CPU.ActiveCfg = Debug|Any CPU
		{38438985-6F46-409A-BB73-D85A0503F759}.Debug|Any CPU.Build.0 = Debug|Any CPU
		{38438985-6F46-409A-BB73-D85A0503F759}.Release|Any CPU.ActiveCfg = Release|Any CPU
		{38438985-6F46-409A-BB73-D85A0503F759}.Release|Any CPU.Build.0 = Release|Any CPU
		{E41FA17F-D0F7-4F63-A713-9EBDF662B3F7}.Debug|Any CPU.ActiveCfg = Debug|Any CPU
		{E41FA17F-D0F7-4F63-A713-9EBDF662B3F7}.Debug|Any CPU.Build.0 = Debug|Any CPU
		{E41FA17F-D0F7-4F63-A713-9EBDF662B3F7}.Release|Any CPU.ActiveCfg = Release|Any CPU
		{E41FA17F-D0F7-4F63-A713-9EBDF662B3F7}.Release|Any CPU.Build.0 = Release|Any CPU
	EndGlobalSection
	GlobalSection(SolutionProperties) = preSolution
		HideSolutionNode = FALSE
	EndGlobalSection
EndGlobal
